// !$*UTF8*$!
{
	archiveVersion = 1;
	classes = {
	};
	objectVersion = 46;
	objects = {

/* Begin PBXBuildFile section */
		2C79F739198EE5DC0089746C /* Foundation.framework in Frameworks */ = {isa = PBXBuildFile; fileRef = 2C79F738198EE5DC0089746C /* Foundation.framework */; };
		2C79F73B198EE5DC0089746C /* CoreGraphics.framework in Frameworks */ = {isa = PBXBuildFile; fileRef = 2C79F73A198EE5DC0089746C /* CoreGraphics.framework */; };
		2C79F73D198EE5DC0089746C /* UIKit.framework in Frameworks */ = {isa = PBXBuildFile; fileRef = 2C79F73C198EE5DC0089746C /* UIKit.framework */; };
		2C79F743198EE5DC0089746C /* InfoPlist.strings in Resources */ = {isa = PBXBuildFile; fileRef = 2C79F741198EE5DC0089746C /* InfoPlist.strings */; };
		2C79F745198EE5DC0089746C /* main.m in Sources */ = {isa = PBXBuildFile; fileRef = 2C79F744198EE5DC0089746C /* main.m */; };
		2C79F749198EE5DC0089746C /* AppDelegate.m in Sources */ = {isa = PBXBuildFile; fileRef = 2C79F748198EE5DC0089746C /* AppDelegate.m */; };
		2C79F74C198EE5DC0089746C /* Main_iPhone.storyboard in Resources */ = {isa = PBXBuildFile; fileRef = 2C79F74A198EE5DC0089746C /* Main_iPhone.storyboard */; };
		2C79F74F198EE5DC0089746C /* Main_iPad.storyboard in Resources */ = {isa = PBXBuildFile; fileRef = 2C79F74D198EE5DC0089746C /* Main_iPad.storyboard */; };
		2C79F752198EE5DC0089746C /* MapViewController.m in Sources */ = {isa = PBXBuildFile; fileRef = 2C79F751198EE5DC0089746C /* MapViewController.m */; };
		2C79F754198EE5DC0089746C /* Images.xcassets in Resources */ = {isa = PBXBuildFile; fileRef = 2C79F753198EE5DC0089746C /* Images.xcassets */; };
		2C79F75B198EE5DC0089746C /* XCTest.framework in Frameworks */ = {isa = PBXBuildFile; fileRef = 2C79F75A198EE5DC0089746C /* XCTest.framework */; };
		2C79F75C198EE5DC0089746C /* Foundation.framework in Frameworks */ = {isa = PBXBuildFile; fileRef = 2C79F738198EE5DC0089746C /* Foundation.framework */; };
		2C79F75D198EE5DC0089746C /* UIKit.framework in Frameworks */ = {isa = PBXBuildFile; fileRef = 2C79F73C198EE5DC0089746C /* UIKit.framework */; };
		2C79F765198EE5DC0089746C /* InfoPlist.strings in Resources */ = {isa = PBXBuildFile; fileRef = 2C79F763198EE5DC0089746C /* InfoPlist.strings */; };
		2C79F767198EE5DC0089746C /* MyFirstMapAppTests.m in Sources */ = {isa = PBXBuildFile; fileRef = 2C79F766198EE5DC0089746C /* MyFirstMapAppTests.m */; };
		2C79F771198EE76F0089746C /* ArcGIS.bundle in Resources */ = {isa = PBXBuildFile; fileRef = 2C79F770198EE76F0089746C /* ArcGIS.bundle */; };
		2C79F774198EF0AB0089746C /* index.html in Resources */ = {isa = PBXBuildFile; fileRef = 2C79F773198EF0AB0089746C /* index.html */; };
		2C79F777198EF24D0089746C /* WebViewController.m in Sources */ = {isa = PBXBuildFile; fileRef = 2C79F776198EF24D0089746C /* WebViewController.m */; };
		2CADAA8719916A7000CEFEA5 /* AreaTableViewController.m in Sources */ = {isa = PBXBuildFile; fileRef = 2CADAA8619916A7000CEFEA5 /* AreaTableViewController.m */; };
/* End PBXBuildFile section */

/* Begin PBXContainerItemProxy section */
		2C79F75E198EE5DC0089746C /* PBXContainerItemProxy */ = {
			isa = PBXContainerItemProxy;
			containerPortal = 2C79F72D198EE5DC0089746C /* Project object */;
			proxyType = 1;
			remoteGlobalIDString = 2C79F734198EE5DC0089746C;
			remoteInfo = MyFirstMapApp;
		};
/* End PBXContainerItemProxy section */

/* Begin PBXFileReference section */
		2C79F735198EE5DC0089746C /* ArcGIS SDK Test.app */ = {isa = PBXFileReference; explicitFileType = wrapper.application; includeInIndex = 0; path = "ArcGIS SDK Test.app"; sourceTree = BUILT_PRODUCTS_DIR; };
		2C79F738198EE5DC0089746C /* Foundation.framework */ = {isa = PBXFileReference; lastKnownFileType = wrapper.framework; name = Foundation.framework; path = System/Library/Frameworks/Foundation.framework; sourceTree = SDKROOT; };
		2C79F73A198EE5DC0089746C /* CoreGraphics.framework */ = {isa = PBXFileReference; lastKnownFileType = wrapper.framework; name = CoreGraphics.framework; path = System/Library/Frameworks/CoreGraphics.framework; sourceTree = SDKROOT; };
		2C79F73C198EE5DC0089746C /* UIKit.framework */ = {isa = PBXFileReference; lastKnownFileType = wrapper.framework; name = UIKit.framework; path = System/Library/Frameworks/UIKit.framework; sourceTree = SDKROOT; };
		2C79F740198EE5DC0089746C /* ArcGIS SDK Test-Info.plist */ = {isa = PBXFileReference; lastKnownFileType = text.plist.xml; path = "ArcGIS SDK Test-Info.plist"; sourceTree = "<group>"; };
		2C79F742198EE5DC0089746C /* en */ = {isa = PBXFileReference; lastKnownFileType = text.plist.strings; name = en; path = en.lproj/InfoPlist.strings; sourceTree = "<group>"; };
		2C79F744198EE5DC0089746C /* main.m */ = {isa = PBXFileReference; lastKnownFileType = sourcecode.c.objc; path = main.m; sourceTree = "<group>"; };
		2C79F746198EE5DC0089746C /* ArcGIS SDK Test-Prefix.pch */ = {isa = PBXFileReference; lastKnownFileType = sourcecode.c.h; path = "ArcGIS SDK Test-Prefix.pch"; sourceTree = "<group>"; };
		2C79F747198EE5DC0089746C /* AppDelegate.h */ = {isa = PBXFileReference; lastKnownFileType = sourcecode.c.h; path = AppDelegate.h; sourceTree = "<group>"; };
		2C79F748198EE5DC0089746C /* AppDelegate.m */ = {isa = PBXFileReference; lastKnownFileType = sourcecode.c.objc; path = AppDelegate.m; sourceTree = "<group>"; };
		2C79F74B198EE5DC0089746C /* Base */ = {isa = PBXFileReference; lastKnownFileType = file.storyboard; name = Base; path = Base.lproj/Main_iPhone.storyboard; sourceTree = "<group>"; };
		2C79F74E198EE5DC0089746C /* Base */ = {isa = PBXFileReference; lastKnownFileType = file.storyboard; name = Base; path = Base.lproj/Main_iPad.storyboard; sourceTree = "<group>"; };
		2C79F750198EE5DC0089746C /* MapViewController.h */ = {isa = PBXFileReference; lastKnownFileType = sourcecode.c.h; path = MapViewController.h; sourceTree = "<group>"; };
		2C79F751198EE5DC0089746C /* MapViewController.m */ = {isa = PBXFileReference; lastKnownFileType = sourcecode.c.objc; path = MapViewController.m; sourceTree = "<group>"; };
		2C79F753198EE5DC0089746C /* Images.xcassets */ = {isa = PBXFileReference; lastKnownFileType = folder.assetcatalog; path = Images.xcassets; sourceTree = "<group>"; };
		2C79F759198EE5DC0089746C /* ArcGIS SDK TestTests.xctest */ = {isa = PBXFileReference; explicitFileType = wrapper.cfbundle; includeInIndex = 0; path = "ArcGIS SDK TestTests.xctest"; sourceTree = BUILT_PRODUCTS_DIR; };
		2C79F75A198EE5DC0089746C /* XCTest.framework */ = {isa = PBXFileReference; lastKnownFileType = wrapper.framework; name = XCTest.framework; path = Library/Frameworks/XCTest.framework; sourceTree = DEVELOPER_DIR; };
		2C79F762198EE5DC0089746C /* ArcGIS SDK TestTests-Info.plist */ = {isa = PBXFileReference; lastKnownFileType = text.plist.xml; path = "ArcGIS SDK TestTests-Info.plist"; sourceTree = "<group>"; };
		2C79F764198EE5DC0089746C /* en */ = {isa = PBXFileReference; lastKnownFileType = text.plist.strings; name = en; path = en.lproj/InfoPlist.strings; sourceTree = "<group>"; };
		2C79F766198EE5DC0089746C /* MyFirstMapAppTests.m */ = {isa = PBXFileReference; lastKnownFileType = sourcecode.c.objc; path = MyFirstMapAppTests.m; sourceTree = "<group>"; };
		2C79F770198EE76F0089746C /* ArcGIS.bundle */ = {isa = PBXFileReference; lastKnownFileType = "wrapper.plug-in"; name = ArcGIS.bundle; path = ../../../Library/SDKs/ArcGIS/iOS/ArcGIS.framework/Versions/Current/Resources/ArcGIS.bundle; sourceTree = "<group>"; };
		2C79F773198EF0AB0089746C /* index.html */ = {isa = PBXFileReference; fileEncoding = 4; lastKnownFileType = text.html; path = index.html; sourceTree = "<group>"; };
		2C79F775198EF24D0089746C /* WebViewController.h */ = {isa = PBXFileReference; fileEncoding = 4; lastKnownFileType = sourcecode.c.h; path = WebViewController.h; sourceTree = "<group>"; };
		2C79F776198EF24D0089746C /* WebViewController.m */ = {isa = PBXFileReference; fileEncoding = 4; lastKnownFileType = sourcecode.c.objc; path = WebViewController.m; sourceTree = "<group>"; };
		2CADAA8519916A7000CEFEA5 /* AreaTableViewController.h */ = {isa = PBXFileReference; fileEncoding = 4; lastKnownFileType = sourcecode.c.h; path = AreaTableViewController.h; sourceTree = "<group>"; };
		2CADAA8619916A7000CEFEA5 /* AreaTableViewController.m */ = {isa = PBXFileReference; fileEncoding = 4; lastKnownFileType = sourcecode.c.objc; path = AreaTableViewController.m; sourceTree = "<group>"; };
/* End PBXFileReference section */

/* Begin PBXFrameworksBuildPhase section */
		2C79F732198EE5DC0089746C /* Frameworks */ = {
			isa = PBXFrameworksBuildPhase;
			buildActionMask = 2147483647;
			files = (
				2C79F73B198EE5DC0089746C /* CoreGraphics.framework in Frameworks */,
				2C79F73D198EE5DC0089746C /* UIKit.framework in Frameworks */,
				2C79F739198EE5DC0089746C /* Foundation.framework in Frameworks */,
			);
			runOnlyForDeploymentPostprocessing = 0;
		};
		2C79F756198EE5DC0089746C /* Frameworks */ = {
			isa = PBXFrameworksBuildPhase;
			buildActionMask = 2147483647;
			files = (
				2C79F75B198EE5DC0089746C /* XCTest.framework in Frameworks */,
				2C79F75D198EE5DC0089746C /* UIKit.framework in Frameworks */,
				2C79F75C198EE5DC0089746C /* Foundation.framework in Frameworks */,
			);
			runOnlyForDeploymentPostprocessing = 0;
		};
/* End PBXFrameworksBuildPhase section */

/* Begin PBXGroup section */
		2C79F72C198EE5DC0089746C = {
			isa = PBXGroup;
			children = (
				2C79F770198EE76F0089746C /* ArcGIS.bundle */,
				2C79F73E198EE5DC0089746C /* MyFirstMapApp */,
				2C79F760198EE5DC0089746C /* MyFirstMapAppTests */,
				2C79F737198EE5DC0089746C /* Frameworks */,
				2C79F736198EE5DC0089746C /* Products */,
			);
			sourceTree = "<group>";
		};
		2C79F736198EE5DC0089746C /* Products */ = {
			isa = PBXGroup;
			children = (
				2C79F735198EE5DC0089746C /* ArcGIS SDK Test.app */,
				2C79F759198EE5DC0089746C /* ArcGIS SDK TestTests.xctest */,
			);
			name = Products;
			sourceTree = "<group>";
		};
		2C79F737198EE5DC0089746C /* Frameworks */ = {
			isa = PBXGroup;
			children = (
				2C79F738198EE5DC0089746C /* Foundation.framework */,
				2C79F73A198EE5DC0089746C /* CoreGraphics.framework */,
				2C79F73C198EE5DC0089746C /* UIKit.framework */,
				2C79F75A198EE5DC0089746C /* XCTest.framework */,
			);
			name = Frameworks;
			sourceTree = "<group>";
		};
		2C79F73E198EE5DC0089746C /* MyFirstMapApp */ = {
			isa = PBXGroup;
			children = (
				2C79F772198EF0810089746C /* Web */,
				2C79F747198EE5DC0089746C /* AppDelegate.h */,
				2C79F748198EE5DC0089746C /* AppDelegate.m */,
				2C79F74A198EE5DC0089746C /* Main_iPhone.storyboard */,
				2CADAA8519916A7000CEFEA5 /* AreaTableViewController.h */,
				2CADAA8619916A7000CEFEA5 /* AreaTableViewController.m */,
				2C79F74D198EE5DC0089746C /* Main_iPad.storyboard */,
				2C79F750198EE5DC0089746C /* MapViewController.h */,
				2C79F751198EE5DC0089746C /* MapViewController.m */,
				2C79F753198EE5DC0089746C /* Images.xcassets */,
				2C79F73F198EE5DC0089746C /* Supporting Files */,
			);
			path = MyFirstMapApp;
			sourceTree = "<group>";
		};
		2C79F73F198EE5DC0089746C /* Supporting Files */ = {
			isa = PBXGroup;
			children = (
				2C79F740198EE5DC0089746C /* ArcGIS SDK Test-Info.plist */,
				2C79F741198EE5DC0089746C /* InfoPlist.strings */,
				2C79F744198EE5DC0089746C /* main.m */,
				2C79F746198EE5DC0089746C /* ArcGIS SDK Test-Prefix.pch */,
			);
			name = "Supporting Files";
			sourceTree = "<group>";
		};
		2C79F760198EE5DC0089746C /* MyFirstMapAppTests */ = {
			isa = PBXGroup;
			children = (
				2C79F766198EE5DC0089746C /* MyFirstMapAppTests.m */,
				2C79F761198EE5DC0089746C /* Supporting Files */,
			);
			path = MyFirstMapAppTests;
			sourceTree = "<group>";
		};
		2C79F761198EE5DC0089746C /* Supporting Files */ = {
			isa = PBXGroup;
			children = (
				2C79F762198EE5DC0089746C /* ArcGIS SDK TestTests-Info.plist */,
				2C79F763198EE5DC0089746C /* InfoPlist.strings */,
			);
			name = "Supporting Files";
			sourceTree = "<group>";
		};
		2C79F772198EF0810089746C /* Web */ = {
			isa = PBXGroup;
			children = (
				2C79F775198EF24D0089746C /* WebViewController.h */,
				2C79F776198EF24D0089746C /* WebViewController.m */,
				2C79F773198EF0AB0089746C /* index.html */,
			);
			name = Web;
			sourceTree = "<group>";
		};
/* End PBXGroup section */

/* Begin PBXNativeTarget section */
		2C79F734198EE5DC0089746C /* ArcGIS SDK Test */ = {
			isa = PBXNativeTarget;
			buildConfigurationList = 2C79F76A198EE5DC0089746C /* Build configuration list for PBXNativeTarget "ArcGIS SDK Test" */;
			buildPhases = (
				2C79F731198EE5DC0089746C /* Sources */,
				2C79F732198EE5DC0089746C /* Frameworks */,
				2C79F733198EE5DC0089746C /* Resources */,
			);
			buildRules = (
			);
			dependencies = (
			);
			name = "ArcGIS SDK Test";
			productName = MyFirstMapApp;
			productReference = 2C79F735198EE5DC0089746C /* ArcGIS SDK Test.app */;
			productType = "com.apple.product-type.application";
		};
		2C79F758198EE5DC0089746C /* ArcGIS SDK TestTests */ = {
			isa = PBXNativeTarget;
			buildConfigurationList = 2C79F76D198EE5DC0089746C /* Build configuration list for PBXNativeTarget "ArcGIS SDK TestTests" */;
			buildPhases = (
				2C79F755198EE5DC0089746C /* Sources */,
				2C79F756198EE5DC0089746C /* Frameworks */,
				2C79F757198EE5DC0089746C /* Resources */,
			);
			buildRules = (
			);
			dependencies = (
				2C79F75F198EE5DC0089746C /* PBXTargetDependency */,
			);
			name = "ArcGIS SDK TestTests";
			productName = MyFirstMapAppTests;
			productReference = 2C79F759198EE5DC0089746C /* ArcGIS SDK TestTests.xctest */;
			productType = "com.apple.product-type.bundle.unit-test";
		};
/* End PBXNativeTarget section */

/* Begin PBXProject section */
		2C79F72D198EE5DC0089746C /* Project object */ = {
			isa = PBXProject;
			attributes = {
				LastUpgradeCheck = 0510;
				ORGANIZATIONNAME = "City of Virginia Beach";
				TargetAttributes = {
					2C79F758198EE5DC0089746C = {
						TestTargetID = 2C79F734198EE5DC0089746C;
					};
				};
			};
			buildConfigurationList = 2C79F730198EE5DC0089746C /* Build configuration list for PBXProject "ArcGIS SDK Test" */;
			compatibilityVersion = "Xcode 3.2";
			developmentRegion = English;
			hasScannedForEncodings = 0;
			knownRegions = (
				en,
				Base,
			);
			mainGroup = 2C79F72C198EE5DC0089746C;
			productRefGroup = 2C79F736198EE5DC0089746C /* Products */;
			projectDirPath = "";
			projectRoot = "";
			targets = (
				2C79F734198EE5DC0089746C /* ArcGIS SDK Test */,
				2C79F758198EE5DC0089746C /* ArcGIS SDK TestTests */,
			);
		};
/* End PBXProject section */

/* Begin PBXResourcesBuildPhase section */
		2C79F733198EE5DC0089746C /* Resources */ = {
			isa = PBXResourcesBuildPhase;
			buildActionMask = 2147483647;
			files = (
				2C79F74F198EE5DC0089746C /* Main_iPad.storyboard in Resources */,
				2C79F754198EE5DC0089746C /* Images.xcassets in Resources */,
				2C79F74C198EE5DC0089746C /* Main_iPhone.storyboard in Resources */,
				2C79F774198EF0AB0089746C /* index.html in Resources */,
				2C79F743198EE5DC0089746C /* InfoPlist.strings in Resources */,
				2C79F771198EE76F0089746C /* ArcGIS.bundle in Resources */,
			);
			runOnlyForDeploymentPostprocessing = 0;
		};
		2C79F757198EE5DC0089746C /* Resources */ = {
			isa = PBXResourcesBuildPhase;
			buildActionMask = 2147483647;
			files = (
				2C79F765198EE5DC0089746C /* InfoPlist.strings in Resources */,
			);
			runOnlyForDeploymentPostprocessing = 0;
		};
/* End PBXResourcesBuildPhase section */

/* Begin PBXSourcesBuildPhase section */
		2C79F731198EE5DC0089746C /* Sources */ = {
			isa = PBXSourcesBuildPhase;
			buildActionMask = 2147483647;
			files = (
				2C79F752198EE5DC0089746C /* MapViewController.m in Sources */,
				2CADAA8719916A7000CEFEA5 /* AreaTableViewController.m in Sources */,
				2C79F749198EE5DC0089746C /* AppDelegate.m in Sources */,
				2C79F745198EE5DC0089746C /* main.m in Sources */,
				2C79F777198EF24D0089746C /* WebViewController.m in Sources */,
			);
			runOnlyForDeploymentPostprocessing = 0;
		};
		2C79F755198EE5DC0089746C /* Sources */ = {
			isa = PBXSourcesBuildPhase;
			buildActionMask = 2147483647;
			files = (
				2C79F767198EE5DC0089746C /* MyFirstMapAppTests.m in Sources */,
			);
			runOnlyForDeploymentPostprocessing = 0;
		};
/* End PBXSourcesBuildPhase section */

/* Begin PBXTargetDependency section */
		2C79F75F198EE5DC0089746C /* PBXTargetDependency */ = {
			isa = PBXTargetDependency;
			target = 2C79F734198EE5DC0089746C /* ArcGIS SDK Test */;
			targetProxy = 2C79F75E198EE5DC0089746C /* PBXContainerItemProxy */;
		};
/* End PBXTargetDependency section */

/* Begin PBXVariantGroup section */
		2C79F741198EE5DC0089746C /* InfoPlist.strings */ = {
			isa = PBXVariantGroup;
			children = (
				2C79F742198EE5DC0089746C /* en */,
			);
			name = InfoPlist.strings;
			sourceTree = "<group>";
		};
		2C79F74A198EE5DC0089746C /* Main_iPhone.storyboard */ = {
			isa = PBXVariantGroup;
			children = (
				2C79F74B198EE5DC0089746C /* Base */,
			);
			name = Main_iPhone.storyboard;
			sourceTree = "<group>";
		};
		2C79F74D198EE5DC0089746C /* Main_iPad.storyboard */ = {
			isa = PBXVariantGroup;
			children = (
				2C79F74E198EE5DC0089746C /* Base */,
			);
			name = Main_iPad.storyboard;
			sourceTree = "<group>";
		};
		2C79F763198EE5DC0089746C /* InfoPlist.strings */ = {
			isa = PBXVariantGroup;
			children = (
				2C79F764198EE5DC0089746C /* en */,
			);
			name = InfoPlist.strings;
			sourceTree = "<group>";
		};
/* End PBXVariantGroup section */

/* Begin XCBuildConfiguration section */
		2C79F768198EE5DC0089746C /* Debug */ = {
			isa = XCBuildConfiguration;
			buildSettings = {
				ALWAYS_SEARCH_USER_PATHS = NO;
				CLANG_CXX_LANGUAGE_STANDARD = "gnu++0x";
				CLANG_CXX_LIBRARY = "libc++";
				CLANG_ENABLE_MODULES = YES;
				CLANG_ENABLE_OBJC_ARC = YES;
				CLANG_WARN_BOOL_CONVERSION = YES;
				CLANG_WARN_CONSTANT_CONVERSION = YES;
				CLANG_WARN_DIRECT_OBJC_ISA_USAGE = YES_ERROR;
				CLANG_WARN_EMPTY_BODY = YES;
				CLANG_WARN_ENUM_CONVERSION = YES;
				CLANG_WARN_INT_CONVERSION = YES;
				CLANG_WARN_OBJC_ROOT_CLASS = YES_ERROR;
				CLANG_WARN__DUPLICATE_METHOD_MATCH = YES;
				"CODE_SIGN_IDENTITY[sdk=iphoneos*]" = "iPhone Developer";
				COPY_PHASE_STRIP = NO;
				GCC_C_LANGUAGE_STANDARD = gnu99;
				GCC_DYNAMIC_NO_PIC = NO;
				GCC_OPTIMIZATION_LEVEL = 0;
				GCC_PREPROCESSOR_DEFINITIONS = (
					"DEBUG=1",
					"$(inherited)",
				);
				GCC_SYMBOLS_PRIVATE_EXTERN = NO;
				GCC_WARN_64_TO_32_BIT_CONVERSION = YES;
				GCC_WARN_ABOUT_RETURN_TYPE = YES_ERROR;
				GCC_WARN_UNDECLARED_SELECTOR = YES;
				GCC_WARN_UNINITIALIZED_AUTOS = YES_AGGRESSIVE;
				GCC_WARN_UNUSED_FUNCTION = YES;
				GCC_WARN_UNUSED_VARIABLE = YES;
				IPHONEOS_DEPLOYMENT_TARGET = 7.1;
				ONLY_ACTIVE_ARCH = YES;
				SDKROOT = iphoneos;
				TARGETED_DEVICE_FAMILY = "1,2";
			};
			name = Debug;
		};
		2C79F769198EE5DC0089746C /* Release */ = {
			isa = XCBuildConfiguration;
			buildSettings = {
				ALWAYS_SEARCH_USER_PATHS = NO;
				CLANG_CXX_LANGUAGE_STANDARD = "gnu++0x";
				CLANG_CXX_LIBRARY = "libc++";
				CLANG_ENABLE_MODULES = YES;
				CLANG_ENABLE_OBJC_ARC = YES;
				CLANG_WARN_BOOL_CONVERSION = YES;
				CLANG_WARN_CONSTANT_CONVERSION = YES;
				CLANG_WARN_DIRECT_OBJC_ISA_USAGE = YES_ERROR;
				CLANG_WARN_EMPTY_BODY = YES;
				CLANG_WARN_ENUM_CONVERSION = YES;
				CLANG_WARN_INT_CONVERSION = YES;
				CLANG_WARN_OBJC_ROOT_CLASS = YES_ERROR;
				CLANG_WARN__DUPLICATE_METHOD_MATCH = YES;
				"CODE_SIGN_IDENTITY[sdk=iphoneos*]" = "iPhone Developer";
				COPY_PHASE_STRIP = YES;
				ENABLE_NS_ASSERTIONS = NO;
				GCC_C_LANGUAGE_STANDARD = gnu99;
				GCC_WARN_64_TO_32_BIT_CONVERSION = YES;
				GCC_WARN_ABOUT_RETURN_TYPE = YES_ERROR;
				GCC_WARN_UNDECLARED_SELECTOR = YES;
				GCC_WARN_UNINITIALIZED_AUTOS = YES_AGGRESSIVE;
				GCC_WARN_UNUSED_FUNCTION = YES;
				GCC_WARN_UNUSED_VARIABLE = YES;
				IPHONEOS_DEPLOYMENT_TARGET = 7.1;
				SDKROOT = iphoneos;
				TARGETED_DEVICE_FAMILY = "1,2";
				VALIDATE_PRODUCT = YES;
			};
			name = Release;
		};
		2C79F76B198EE5DC0089746C /* Debug */ = {
			isa = XCBuildConfiguration;
			buildSettings = {
				ASSETCATALOG_COMPILER_APPICON_NAME = AppIcon;
				ASSETCATALOG_COMPILER_LAUNCHIMAGE_NAME = LaunchImage;
				FRAMEWORK_SEARCH_PATHS = "$(HOME)/Library/SDKs/ArcGIS/iOS/";
				GCC_PRECOMPILE_PREFIX_HEADER = YES;
				GCC_PREFIX_HEADER = "MyFirstMapApp/ArcGIS SDK Test-Prefix.pch";
				INFOPLIST_FILE = "MyFirstMapApp/ArcGIS SDK Test-Info.plist";
				OTHER_LDFLAGS = (
					"-ObjC",
					"-framework",
					ArcGIS,
					"-l",
					"c++",
				);
				PRODUCT_NAME = "ArcGIS SDK Test";
				WRAPPER_EXTENSION = app;
			};
			name = Debug;
		};
		2C79F76C198EE5DC0089746C /* Release */ = {
			isa = XCBuildConfiguration;
			buildSettings = {
				ASSETCATALOG_COMPILER_APPICON_NAME = AppIcon;
				ASSETCATALOG_COMPILER_LAUNCHIMAGE_NAME = LaunchImage;
				FRAMEWORK_SEARCH_PATHS = "$(HOME)/Library/SDKs/ArcGIS/iOS/";
				GCC_PRECOMPILE_PREFIX_HEADER = YES;
				GCC_PREFIX_HEADER = "MyFirstMapApp/ArcGIS SDK Test-Prefix.pch";
				INFOPLIST_FILE = "MyFirstMapApp/ArcGIS SDK Test-Info.plist";
				OTHER_LDFLAGS = (
					"-ObjC",
					"-framework",
					ArcGIS,
					"-l",
					"c++",
				);
				PRODUCT_NAME = "ArcGIS SDK Test";
				WRAPPER_EXTENSION = app;
			};
			name = Release;
		};
		2C79F76E198EE5DC0089746C /* Debug */ = {
			isa = XCBuildConfiguration;
			buildSettings = {
				BUNDLE_LOADER = "$(BUILT_PRODUCTS_DIR)/MyFirstMapApp.app/MyFirstMapApp";
				FRAMEWORK_SEARCH_PATHS = (
					"$(SDKROOT)/Developer/Library/Frameworks",
					"$(inherited)",
					"$(DEVELOPER_FRAMEWORKS_DIR)",
				);
				GCC_PRECOMPILE_PREFIX_HEADER = YES;
				GCC_PREFIX_HEADER = "MyFirstMapApp/MyFirstMapApp-Prefix.pch";
				GCC_PREPROCESSOR_DEFINITIONS = (
					"DEBUG=1",
					"$(inherited)",
				);
				INFOPLIST_FILE = "MyFirstMapAppTests/ArcGIS SDK TestTests-Info.plist";
				PRODUCT_NAME = "ArcGIS SDK TestTests";
				TEST_HOST = "$(BUNDLE_LOADER)";
				WRAPPER_EXTENSION = xctest;
			};
			name = Debug;
		};
		2C79F76F198EE5DC0089746C /* Release */ = {
			isa = XCBuildConfiguration;
			buildSettings = {
				BUNDLE_LOADER = "$(BUILT_PRODUCTS_DIR)/MyFirstMapApp.app/MyFirstMapApp";
				FRAMEWORK_SEARCH_PATHS = (
					"$(SDKROOT)/Developer/Library/Frameworks",
					"$(inherited)",
					"$(DEVELOPER_FRAMEWORKS_DIR)",
				);
				GCC_PRECOMPILE_PREFIX_HEADER = YES;
				GCC_PREFIX_HEADER = "MyFirstMapApp/MyFirstMapApp-Prefix.pch";
				INFOPLIST_FILE = "MyFirstMapAppTests/ArcGIS SDK TestTests-Info.plist";
				PRODUCT_NAME = "ArcGIS SDK TestTests";
				TEST_HOST = "$(BUNDLE_LOADER)";
				WRAPPER_EXTENSION = xctest;
			};
			name = Release;
		};
/* End XCBuildConfiguration section */

/* Begin XCConfigurationList section */
		2C79F730198EE5DC0089746C /* Build configuration list for PBXProject "ArcGIS SDK Test" */ = {
			isa = XCConfigurationList;
			buildConfigurations = (
				2C79F768198EE5DC0089746C /* Debug */,
				2C79F769198EE5DC0089746C /* Release */,
			);
			defaultConfigurationIsVisible = 0;
			defaultConfigurationName = Release;
		};
		2C79F76A198EE5DC0089746C /* Build configuration list for PBXNativeTarget "ArcGIS SDK Test" */ = {
			isa = XCConfigurationList;
			buildConfigurations = (
				2C79F76B198EE5DC0089746C /* Debug */,
				2C79F76C198EE5DC0089746C /* Release */,
			);
			defaultConfigurationIsVisible = 0;
			defaultConfigurationName = Release;
		};
		2C79F76D198EE5DC0089746C /* Build configuration list for PBXNativeTarget "ArcGIS SDK TestTests" */ = {
			isa = XCConfigurationList;
			buildConfigurations = (
				2C79F76E198EE5DC0089746C /* Debug */,
				2C79F76F198EE5DC0089746C /* Release */,
			);
			defaultConfigurationIsVisible = 0;
			defaultConfigurationName = Release;
		};
/* End XCConfigurationList section */
	};
	rootObject = 2C79F72D198EE5DC0089746C /* Project object */;
}
